// !$*UTF8*$!
{
	archiveVersion = 1;
	classes = {
	};
	objectVersion = 55;
	objects = {

/* Begin PBXBuildFile section */
		2556563A95C0F94FB30A4311 /* Pods_helloGo.framework in Frameworks */ = {isa = PBXBuildFile; fileRef = C9483C8E3C1FD3DF8653496D /* Pods_helloGo.framework */; };
		354286EE287012A600F24CC0 /* helloGoApp.swift in Sources */ = {isa = PBXBuildFile; fileRef = 354286ED287012A600F24CC0 /* helloGoApp.swift */; };
		354286F0287012A600F24CC0 /* ContentView.swift in Sources */ = {isa = PBXBuildFile; fileRef = 354286EF287012A600F24CC0 /* ContentView.swift */; };
		354286F2287012A700F24CC0 /* Assets.xcassets in Resources */ = {isa = PBXBuildFile; fileRef = 354286F1287012A700F24CC0 /* Assets.xcassets */; };
		354286F5287012A700F24CC0 /* Preview Assets.xcassets in Resources */ = {isa = PBXBuildFile; fileRef = 354286F4287012A700F24CC0 /* Preview Assets.xcassets */; };
/* End PBXBuildFile section */

/* Begin PBXFileReference section */
		1EF58DCD6CF461F9BE2CB624 /* Pods-helloGo.release.xcconfig */ = {isa = PBXFileReference; includeInIndex = 1; lastKnownFileType = text.xcconfig; name = "Pods-helloGo.release.xcconfig"; path = "Target Support Files/Pods-helloGo/Pods-helloGo.release.xcconfig"; sourceTree = "<group>"; };
		35366843287033A600CBBC97 /* Core */ = {isa = PBXFileReference; lastKnownFileType = wrapper; name = Core; path = modules/Core; sourceTree = "<group>"; };
		35366846287033CC00CBBC97 /* Service */ = {isa = PBXFileReference; lastKnownFileType = wrapper; name = Service; path = modules/Service; sourceTree = "<group>"; };
		35366849287033E100CBBC97 /* Feature */ = {isa = PBXFileReference; lastKnownFileType = wrapper; name = Feature; path = modules/Feature; sourceTree = "<group>"; };
		354286EA287012A600F24CC0 /* helloGo.app */ = {isa = PBXFileReference; explicitFileType = wrapper.application; includeInIndex = 0; path = helloGo.app; sourceTree = BUILT_PRODUCTS_DIR; };
		354286ED287012A600F24CC0 /* helloGoApp.swift */ = {isa = PBXFileReference; lastKnownFileType = sourcecode.swift; path = helloGoApp.swift; sourceTree = "<group>"; };
		354286EF287012A600F24CC0 /* ContentView.swift */ = {isa = PBXFileReference; lastKnownFileType = sourcecode.swift; path = ContentView.swift; sourceTree = "<group>"; };
		354286F1287012A700F24CC0 /* Assets.xcassets */ = {isa = PBXFileReference; lastKnownFileType = folder.assetcatalog; path = Assets.xcassets; sourceTree = "<group>"; };
		354286F4287012A700F24CC0 /* Preview Assets.xcassets */ = {isa = PBXFileReference; lastKnownFileType = folder.assetcatalog; path = "Preview Assets.xcassets"; sourceTree = "<group>"; };
		6373A59BA0496EF9CF7C2A9E /* Pods-helloGo.debug.xcconfig */ = {isa = PBXFileReference; includeInIndex = 1; lastKnownFileType = text.xcconfig; name = "Pods-helloGo.debug.xcconfig"; path = "Target Support Files/Pods-helloGo/Pods-helloGo.debug.xcconfig"; sourceTree = "<group>"; };
		C9483C8E3C1FD3DF8653496D /* Pods_helloGo.framework */ = {isa = PBXFileReference; explicitFileType = wrapper.framework; includeInIndex = 0; path = Pods_helloGo.framework; sourceTree = BUILT_PRODUCTS_DIR; };
/* End PBXFileReference section */

/* Begin PBXFrameworksBuildPhase section */
		354286E7287012A600F24CC0 /* Frameworks */ = {
			isa = PBXFrameworksBuildPhase;
			buildActionMask = 2147483647;
			files = (
				2556563A95C0F94FB30A4311 /* Pods_helloGo.framework in Frameworks */,
			);
			runOnlyForDeploymentPostprocessing = 0;
		};
/* End PBXFrameworksBuildPhase section */

/* Begin PBXGroup section */
		354286E1287012A600F24CC0 = {
			isa = PBXGroup;
			children = (
				354287022870315700F24CC0 /* Packages */,
				354286EC287012A600F24CC0 /* helloGo */,
				354286EB287012A600F24CC0 /* Products */,
				504382D2AF04EDC7C9B26B45 /* Pods */,
				E0A28FA2C3FB4F18201C9A5E /* Frameworks */,
			);
			sourceTree = "<group>";
		};
		354286EB287012A600F24CC0 /* Products */ = {
			isa = PBXGroup;
			children = (
				354286EA287012A600F24CC0 /* helloGo.app */,
			);
			name = Products;
			sourceTree = "<group>";
		};
		354286EC287012A600F24CC0 /* helloGo */ = {
			isa = PBXGroup;
			children = (
				354286ED287012A600F24CC0 /* helloGoApp.swift */,
				354286EF287012A600F24CC0 /* ContentView.swift */,
				354286F1287012A700F24CC0 /* Assets.xcassets */,
				354286F3287012A700F24CC0 /* Preview Content */,
			);
			path = helloGo;
			sourceTree = "<group>";
		};
		354286F3287012A700F24CC0 /* Preview Content */ = {
			isa = PBXGroup;
			children = (
				354286F4287012A700F24CC0 /* Preview Assets.xcassets */,
			);
			path = "Preview Content";
			sourceTree = "<group>";
		};
		354287022870315700F24CC0 /* Packages */ = {
			isa = PBXGroup;
			children = (
				35366843287033A600CBBC97 /* Core */,
				35366846287033CC00CBBC97 /* Service */,
				35366849287033E100CBBC97 /* Feature */,
			);
			name = Packages;
			sourceTree = "<group>";
		};
		504382D2AF04EDC7C9B26B45 /* Pods */ = {
			isa = PBXGroup;
			children = (
				6373A59BA0496EF9CF7C2A9E /* Pods-helloGo.debug.xcconfig */,
				1EF58DCD6CF461F9BE2CB624 /* Pods-helloGo.release.xcconfig */,
			);
			path = Pods;
			sourceTree = "<group>";
		};
		E0A28FA2C3FB4F18201C9A5E /* Frameworks */ = {
			isa = PBXGroup;
			children = (
				C9483C8E3C1FD3DF8653496D /* Pods_helloGo.framework */,
			);
			name = Frameworks;
			sourceTree = "<group>";
		};
/* End PBXGroup section */

/* Begin PBXNativeTarget section */
		354286E9287012A600F24CC0 /* helloGo */ = {
			isa = PBXNativeTarget;
			buildConfigurationList = 354286F8287012A700F24CC0 /* Build configuration list for PBXNativeTarget "helloGo" */;
			buildPhases = (
				A01A5D66E6F0428B20D26E61 /* [CP] Check Pods Manifest.lock */,
				354286E6287012A600F24CC0 /* Sources */,
				354286E7287012A600F24CC0 /* Frameworks */,
				354286E8287012A600F24CC0 /* Resources */,
				F73D65129B5A573B80ACDF17 /* [CP] Embed Pods Frameworks */,
			);
			buildRules = (
			);
			dependencies = (
			);
			name = helloGo;
			packageProductDependencies = (
			);
			productName = helloGo;
			productReference = 354286EA287012A600F24CC0 /* helloGo.app */;
			productType = "com.apple.product-type.application";
		};
/* End PBXNativeTarget section */

/* Begin PBXProject section */
		354286E2287012A600F24CC0 /* Project object */ = {
			isa = PBXProject;
			attributes = {
				BuildIndependentTargetsInParallel = 1;
				LastSwiftUpdateCheck = 1330;
				LastUpgradeCheck = 1330;
				TargetAttributes = {
					354286E9287012A600F24CC0 = {
						CreatedOnToolsVersion = 13.3.1;
					};
				};
			};
			buildConfigurationList = 354286E5287012A600F24CC0 /* Build configuration list for PBXProject "helloGo" */;
			compatibilityVersion = "Xcode 13.0";
			developmentRegion = en;
			hasScannedForEncodings = 0;
			knownRegions = (
				en,
				Base,
			);
			mainGroup = 354286E1287012A600F24CC0;
			productRefGroup = 354286EB287012A600F24CC0 /* Products */;
			projectDirPath = "";
			projectRoot = "";
			targets = (
				354286E9287012A600F24CC0 /* helloGo */,
			);
		};
/* End PBXProject section */

/* Begin PBXResourcesBuildPhase section */
		354286E8287012A600F24CC0 /* Resources */ = {
			isa = PBXResourcesBuildPhase;
			buildActionMask = 2147483647;
			files = (
				354286F5287012A700F24CC0 /* Preview Assets.xcassets in Resources */,
				354286F2287012A700F24CC0 /* Assets.xcassets in Resources */,
			);
			runOnlyForDeploymentPostprocessing = 0;
		};
/* End PBXResourcesBuildPhase section */

/* Begin PBXShellScriptBuildPhase section */
		A01A5D66E6F0428B20D26E61 /* [CP] Check Pods Manifest.lock */ = {
			isa = PBXShellScriptBuildPhase;
			buildActionMask = 2147483647;
			files = (
			);
			inputFileListPaths = (
			);
			inputPaths = (
				"${PODS_PODFILE_DIR_PATH}/Podfile.lock",
				"${PODS_ROOT}/Manifest.lock",
			);
			name = "[CP] Check Pods Manifest.lock";
			outputFileListPaths = (
			);
			outputPaths = (
				"$(DERIVED_FILE_DIR)/Pods-helloGo-checkManifestLockResult.txt",
			);
			runOnlyForDeploymentPostprocessing = 0;
			shellPath = /bin/sh;
			shellScript = "diff \"${PODS_PODFILE_DIR_PATH}/Podfile.lock\" \"${PODS_ROOT}/Manifest.lock\" > /dev/null\nif [ $? != 0 ] ; then\n    # print error to STDERR\n    echo \"error: The sandbox is not in sync with the Podfile.lock. Run 'pod install' or update your CocoaPods installation.\" >&2\n    exit 1\nfi\n# This output is used by Xcode 'outputs' to avoid re-running this script phase.\necho \"SUCCESS\" > \"${SCRIPT_OUTPUT_FILE_0}\"\n";
			showEnvVarsInLog = 0;
		};
		F73D65129B5A573B80ACDF17 /* [CP] Embed Pods Frameworks */ = {
			isa = PBXShellScriptBuildPhase;
			buildActionMask = 2147483647;
			files = (
			);
			inputFileListPaths = (
				"${PODS_ROOT}/Target Support Files/Pods-helloGo/Pods-helloGo-frameworks-${CONFIGURATION}-input-files.xcfilelist",
			);
			name = "[CP] Embed Pods Frameworks";
			outputFileListPaths = (
				"${PODS_ROOT}/Target Support Files/Pods-helloGo/Pods-helloGo-frameworks-${CONFIGURATION}-output-files.xcfilelist",
			);
			runOnlyForDeploymentPostprocessing = 0;
			shellPath = /bin/sh;
			shellScript = "\"${PODS_ROOT}/Target Support Files/Pods-helloGo/Pods-helloGo-frameworks.sh\"\n";
			showEnvVarsInLog = 0;
		};
/* End PBXShellScriptBuildPhase section */

/* Begin PBXSourcesBuildPhase section */
		354286E6287012A600F24CC0 /* Sources */ = {
			isa = PBXSourcesBuildPhase;
			buildActionMask = 2147483647;
			files = (
				354286F0287012A600F24CC0 /* ContentView.swift in Sources */,
				354286EE287012A600F24CC0 /* helloGoApp.swift in Sources */,
			);
			runOnlyForDeploymentPostprocessing = 0;
		};
/* End PBXSourcesBuildPhase section */

/* Begin XCBuildConfiguration section */
		354286F6287012A700F24CC0 /* Debug */ = {
			isa = XCBuildConfiguration;
			buildSettings = {
				ALWAYS_SEARCH_USER_PATHS = NO;
				CLANG_ANALYZER_NONNULL = YES;
				CLANG_ANALYZER_NUMBER_OBJECT_CONVERSION = YES_AGGRESSIVE;
				CLANG_CXX_LANGUAGE_STANDARD = "gnu++17";
				CLANG_ENABLE_MODULES = YES;
				CLANG_ENABLE_OBJC_ARC = YES;
				CLANG_ENABLE_OBJC_WEAK = YES;
				CLANG_WARN_BLOCK_CAPTURE_AUTORELEASING = YES;
				CLANG_WARN_BOOL_CONVERSION = YES;
				CLANG_WARN_COMMA = YES;
				CLANG_WARN_CONSTANT_CONVERSION = YES;
				CLANG_WARN_DEPRECATED_OBJC_IMPLEMENTATIONS = YES;
				CLANG_WARN_DIRECT_OBJC_ISA_USAGE = YES_ERROR;
				CLANG_WARN_DOCUMENTATION_COMMENTS = YES;
				CLANG_WARN_EMPTY_BODY = YES;
				CLANG_WARN_ENUM_CONVERSION = YES;
				CLANG_WARN_INFINITE_RECURSION = YES;
				CLANG_WARN_INT_CONVERSION = YES;
				CLANG_WARN_NON_LITERAL_NULL_CONVERSION = YES;
				CLANG_WARN_OBJC_IMPLICIT_RETAIN_SELF = YES;
				CLANG_WARN_OBJC_LITERAL_CONVERSION = YES;
				CLANG_WARN_OBJC_ROOT_CLASS = YES_ERROR;
				CLANG_WARN_QUOTED_INCLUDE_IN_FRAMEWORK_HEADER = YES;
				CLANG_WARN_RANGE_LOOP_ANALYSIS = YES;
				CLANG_WARN_STRICT_PROTOTYPES = YES;
				CLANG_WARN_SUSPICIOUS_MOVE = YES;
				CLANG_WARN_UNGUARDED_AVAILABILITY = YES_AGGRESSIVE;
				CLANG_WARN_UNREACHABLE_CODE = YES;
				CLANG_WARN__DUPLICATE_METHOD_MATCH = YES;
				COPY_PHASE_STRIP = NO;
				DEBUG_INFORMATION_FORMAT = dwarf;
				ENABLE_STRICT_OBJC_MSGSEND = YES;
				ENABLE_TESTABILITY = YES;
				GCC_C_LANGUAGE_STANDARD = gnu11;
				GCC_DYNAMIC_NO_PIC = NO;
				GCC_NO_COMMON_BLOCKS = YES;
				GCC_OPTIMIZATION_LEVEL = 0;
				GCC_PREPROCESSOR_DEFINITIONS = (
					"DEBUG=1",
					"$(inherited)",
				);
				GCC_WARN_64_TO_32_BIT_CONVERSION = YES;
				GCC_WARN_ABOUT_RETURN_TYPE = YES_ERROR;
				GCC_WARN_UNDECLARED_SELECTOR = YES;
				GCC_WARN_UNINITIALIZED_AUTOS = YES_AGGRESSIVE;
				GCC_WARN_UNUSED_FUNCTION = YES;
				GCC_WARN_UNUSED_VARIABLE = YES;
				IPHONEOS_DEPLOYMENT_TARGET = 15.4;
				MTL_ENABLE_DEBUG_INFO = INCLUDE_SOURCE;
				MTL_FAST_MATH = YES;
				ONLY_ACTIVE_ARCH = YES;
				SDKROOT = iphoneos;
				SWIFT_ACTIVE_COMPILATION_CONDITIONS = DEBUG;
				SWIFT_OPTIMIZATION_LEVEL = "-Onone";
			};
			name = Debug;
		};
		354286F7287012A700F24CC0 /* Release */ = {
			isa = XCBuildConfiguration;
			buildSettings = {
				ALWAYS_SEARCH_USER_PATHS = NO;
				CLANG_ANALYZER_NONNULL = YES;
				CLANG_ANALYZER_NUMBER_OBJECT_CONVERSION = YES_AGGRESSIVE;
				CLANG_CXX_LANGUAGE_STANDARD = "gnu++17";
				CLANG_ENABLE_MODULES = YES;
				CLANG_ENABLE_OBJC_ARC = YES;
				CLANG_ENABLE_OBJC_WEAK = YES;
				CLANG_WARN_BLOCK_CAPTURE_AUTORELEASING = YES;
				CLANG_WARN_BOOL_CONVERSION = YES;
				CLANG_WARN_COMMA = YES;
				CLANG_WARN_CONSTANT_CONVERSION = YES;
				CLANG_WARN_DEPRECATED_OBJC_IMPLEMENTATIONS = YES;
				CLANG_WARN_DIRECT_OBJC_ISA_USAGE = YES_ERROR;
				CLANG_WARN_DOCUMENTATION_COMMENTS = YES;
				CLANG_WARN_EMPTY_BODY = YES;
				CLANG_WARN_ENUM_CONVERSION = YES;
				CLANG_WARN_INFINITE_RECURSION = YES;
				CLANG_WARN_INT_CONVERSION = YES;
				CLANG_WARN_NON_LITERAL_NULL_CONVERSION = YES;
				CLANG_WARN_OBJC_IMPLICIT_RETAIN_SELF = YES;
				CLANG_WARN_OBJC_LITERAL_CONVERSION = YES;
				CLANG_WARN_OBJC_ROOT_CLASS = YES_ERROR;
				CLANG_WARN_QUOTED_INCLUDE_IN_FRAMEWORK_HEADER = YES;
				CLANG_WARN_RANGE_LOOP_ANALYSIS = YES;
				CLANG_WARN_STRICT_PROTOTYPES = YES;
				CLANG_WARN_SUSPICIOUS_MOVE = YES;
				CLANG_WARN_UNGUARDED_AVAILABILITY = YES_AGGRESSIVE;
				CLANG_WARN_UNREACHABLE_CODE = YES;
				CLANG_WARN__DUPLICATE_METHOD_MATCH = YES;
				COPY_PHASE_STRIP = NO;
				DEBUG_INFORMATION_FORMAT = "dwarf-with-dsym";
				ENABLE_NS_ASSERTIONS = NO;
				ENABLE_STRICT_OBJC_MSGSEND = YES;
				GCC_C_LANGUAGE_STANDARD = gnu11;
				GCC_NO_COMMON_BLOCKS = YES;
				GCC_WARN_64_TO_32_BIT_CONVERSION = YES;
				GCC_WARN_ABOUT_RETURN_TYPE = YES_ERROR;
				GCC_WARN_UNDECLARED_SELECTOR = YES;
				GCC_WARN_UNINITIALIZED_AUTOS = YES_AGGRESSIVE;
				GCC_WARN_UNUSED_FUNCTION = YES;
				GCC_WARN_UNUSED_VARIABLE = YES;
				IPHONEOS_DEPLOYMENT_TARGET = 15.4;
				MTL_ENABLE_DEBUG_INFO = NO;
				MTL_FAST_MATH = YES;
				SDKROOT = iphoneos;
				SWIFT_COMPILATION_MODE = wholemodule;
				SWIFT_OPTIMIZATION_LEVEL = "-O";
				VALIDATE_PRODUCT = YES;
			};
			name = Release;
		};
		354286F9287012A700F24CC0 /* Debug */ = {
			isa = XCBuildConfiguration;
			baseConfigurationReference = 6373A59BA0496EF9CF7C2A9E /* Pods-helloGo.debug.xcconfig */;
			buildSettings = {
				ASSETCATALOG_COMPILER_APPICON_NAME = AppIcon;
				ASSETCATALOG_COMPILER_GLOBAL_ACCENT_COLOR_NAME = AccentColor;
				CODE_SIGN_STYLE = Automatic;
				CURRENT_PROJECT_VERSION = 1;
				DEVELOPMENT_ASSET_PATHS = "\"helloGo/Preview Content\"";
				DEVELOPMENT_TEAM = VWW575E2Q5;
				ENABLE_PREVIEWS = YES;
				GENERATE_INFOPLIST_FILE = YES;
				INFOPLIST_KEY_UIApplicationSceneManifest_Generation = YES;
				INFOPLIST_KEY_UIApplicationSupportsIndirectInputEvents = YES;
				INFOPLIST_KEY_UILaunchScreen_Generation = YES;
				INFOPLIST_KEY_UISupportedInterfaceOrientations_iPad = "UIInterfaceOrientationPortrait UIInterfaceOrientationPortraitUpsideDown UIInterfaceOrientationLandscapeLeft UIInterfaceOrientationLandscapeRight";
				INFOPLIST_KEY_UISupportedInterfaceOrientations_iPhone = "UIInterfaceOrientationPortrait UIInterfaceOrientationLandscapeLeft UIInterfaceOrientationLandscapeRight";
				LD_RUNPATH_SEARCH_PATHS = (
					"$(inherited)",
					"@executable_path/Frameworks",
				);
				MARKETING_VERSION = 1.0;
				PRODUCT_BUNDLE_IDENTIFIER = com.acicartagena.helloGo;
				PRODUCT_NAME = "$(TARGET_NAME)";
				SWIFT_EMIT_LOC_STRINGS = YES;
				SWIFT_VERSION = 5.0;
				TARGETED_DEVICE_FAMILY = "1,2";
			};
			name = Debug;
		};
		354286FA287012A700F24CC0 /* Release */ = {
			isa = XCBuildConfiguration;
			baseConfigurationReference = 1EF58DCD6CF461F9BE2CB624 /* Pods-helloGo.release.xcconfig */;
			buildSettings = {
				ASSETCATALOG_COMPILER_APPICON_NAME = AppIcon;
				ASSETCATALOG_COMPILER_GLOBAL_ACCENT_COLOR_NAME = AccentColor;
				CODE_SIGN_STYLE = Automatic;
				CURRENT_PROJECT_VERSION = 1;
				DEVELOPMENT_ASSET_PATHS = "\"helloGo/Preview Content\"";
				DEVELOPMENT_TEAM = VWW575E2Q5;
				ENABLE_PREVIEWS = YES;
				GENERATE_INFOPLIST_FILE = YES;
				INFOPLIST_KEY_UIApplicationSceneManifest_Generation = YES;
				INFOPLIST_KEY_UIApplicationSupportsIndirectInputEvents = YES;
				INFOPLIST_KEY_UILaunchScreen_Generation = YES;
				INFOPLIST_KEY_UISupportedInterfaceOrientations_iPad = "UIInterfaceOrientationPortrait UIInterfaceOrientationPortraitUpsideDown UIInterfaceOrientationLandscapeLeft UIInterfaceOrientationLandscapeRight";
				INFOPLIST_KEY_UISupportedInterfaceOrientations_iPhone = "UIInterfaceOrientationPortrait UIInterfaceOrientationLandscapeLeft UIInterfaceOrientationLandscapeRight";
				LD_RUNPATH_SEARCH_PATHS = (
					"$(inherited)",
					"@executable_path/Frameworks",
				);
				MARKETING_VERSION = 1.0;
				PRODUCT_BUNDLE_IDENTIFIER = com.acicartagena.helloGo;
				PRODUCT_NAME = "$(TARGET_NAME)";
				SWIFT_EMIT_LOC_STRINGS = YES;
				SWIFT_VERSION = 5.0;
				TARGETED_DEVICE_FAMILY = "1,2";
			};
			name = Release;
		};
/* End XCBuildConfiguration section */

/* Begin XCConfigurationList section */
		354286E5287012A600F24CC0 /* Build configuration list for PBXProject "helloGo" */ = {
			isa = XCConfigurationList;
			buildConfigurations = (
				354286F6287012A700F24CC0 /* Debug */,
				354286F7287012A700F24CC0 /* Release */,
			);
			defaultConfigurationIsVisible = 0;
			defaultConfigurationName = Release;
		};
		354286F8287012A700F24CC0 /* Build configuration list for PBXNativeTarget "helloGo" */ = {
			isa = XCConfigurationList;
			buildConfigurations = (
				354286F9287012A700F24CC0 /* Debug */,
				354286FA287012A700F24CC0 /* Release */,
			);
			defaultConfigurationIsVisible = 0;
			defaultConfigurationName = Release;
		};
/* End XCConfigurationList section */
	};
	rootObject = 354286E2287012A600F24CC0 /* Project object */;
}
